hash: 899a61d8044d110f710445f60bca73e7139a9013f9b0035048cbfeced1eef58a
updated: 2017-06-12T22:24:36.346126916+02:00
imports:
- name: github.com/codahale/hdrhistogram
  version: 3a0bb77429bd3a61596f5e8a3172445844342120
- name: github.com/golang/protobuf
  version: 5a0f697c9ed9d68fef0116532c6e05cfeae00e55
  subpackages:
  - proto
  - ptypes/duration
- name: github.com/gorilla/context
  version: 08b5f424b9271eedf6f9f0ce86cb9396ed337a42
- name: github.com/gorilla/mux
  version: bcd8bc72b08df0f70df986b97f95590779502d31
- name: github.com/meatballhat/negroni-logrus
  version: ff88b9c4368b30d6585dcb23f0403b2e88d3f345
- name: github.com/sirupsen/logrus
  version: 202f25545ea4cf9b191ff7f846df5d87c9382c2b
- name: github.com/spf13/cobra
  version: b4dbd37a01839e0653eec12aa4bbb2a2ce7b2a37
  subpackages:
  - cobra
- name: github.com/urfave/negroni
  version: fde5e16d32adc7ad637e9cd9ad21d4ebc6192535
- name: golang.org/x/sys
  version: 0b25a408a50076fbbcae6b7ac0ea5fbb0b085e79
  subpackages:
  - unix
testImports:
- name: github.com/ofux/docilemonkey
  version: 6b338cf0a246aa9ceea7b07386040bac057586b6
  subpackages:
  - docilemonkey
