hash: 0290683c9e29f9b8ba7a104596b3e068c565cae69c14a2cc7203e72bca1b1e77
updated: 2017-05-05T20:59:58.769770399+02:00
imports:
- name: github.com/sirupsen/logrus
  version: ba1b36c82c5e05c4f912a88eab0dcd91a171688f
- name: golang.org/x/sys
  version: 9ccfe848b9db8435a24c424abbc07a921adf1df5
  subpackages:
  - unix
testImports: []
